// !$*UTF8*$!
{
	archiveVersion = 1;
	classes = {
	};
	objectVersion = 46;
	objects = {

/* Begin PBXBuildFile section */
		9A5403C91BD9A656008EE92D /* AppDelegate.swift in Sources */ = {isa = PBXBuildFile; fileRef = 9A5403C81BD9A656008EE92D /* AppDelegate.swift */; };
		9A5403CB1BD9A656008EE92D /* Assets.xcassets in Resources */ = {isa = PBXBuildFile; fileRef = 9A5403CA1BD9A656008EE92D /* Assets.xcassets */; };
		9A5403CE1BD9A656008EE92D /* MainMenu.xib in Resources */ = {isa = PBXBuildFile; fileRef = 9A5403CC1BD9A656008EE92D /* MainMenu.xib */; };
		9A5403D91BD9A656008EE92D /* stenoTests.swift in Sources */ = {isa = PBXBuildFile; fileRef = 9A5403D81BD9A656008EE92D /* stenoTests.swift */; };
		9A5403E41BD9A656008EE92D /* stenoUITests.swift in Sources */ = {isa = PBXBuildFile; fileRef = 9A5403E31BD9A656008EE92D /* stenoUITests.swift */; };
		9AF482281BD9B1AF00C92D5E /* steno.default.json in Resources */ = {isa = PBXBuildFile; fileRef = 9AF482271BD9B1AF00C92D5E /* steno.default.json */; settings = {ASSET_TAGS = (); }; };
		9AF4822A1BD9B24D00C92D5E /* SwiftyJSON.swift in Sources */ = {isa = PBXBuildFile; fileRef = 9AF482291BD9B24D00C92D5E /* SwiftyJSON.swift */; settings = {ASSET_TAGS = (); }; };
		9AF4822C1BDAB8B200C92D5E /* App.swift in Sources */ = {isa = PBXBuildFile; fileRef = 9AF4822B1BDAB8B200C92D5E /* App.swift */; settings = {ASSET_TAGS = (); }; };
/* End PBXBuildFile section */

/* Begin PBXContainerItemProxy section */
		9A5403D51BD9A656008EE92D /* PBXContainerItemProxy */ = {
			isa = PBXContainerItemProxy;
			containerPortal = 9A5403BD1BD9A656008EE92D /* Project object */;
			proxyType = 1;
			remoteGlobalIDString = 9A5403C41BD9A656008EE92D;
			remoteInfo = steno;
		};
		9A5403E01BD9A656008EE92D /* PBXContainerItemProxy */ = {
			isa = PBXContainerItemProxy;
			containerPortal = 9A5403BD1BD9A656008EE92D /* Project object */;
			proxyType = 1;
			remoteGlobalIDString = 9A5403C41BD9A656008EE92D;
			remoteInfo = steno;
		};
/* End PBXContainerItemProxy section */

/* Begin PBXFileReference section */
		9A5403C51BD9A656008EE92D /* steno.app */ = {isa = PBXFileReference; explicitFileType = wrapper.application; includeInIndex = 0; path = steno.app; sourceTree = BUILT_PRODUCTS_DIR; };
		9A5403C81BD9A656008EE92D /* AppDelegate.swift */ = {isa = PBXFileReference; lastKnownFileType = sourcecode.swift; path = AppDelegate.swift; sourceTree = "<group>"; };
		9A5403CA1BD9A656008EE92D /* Assets.xcassets */ = {isa = PBXFileReference; lastKnownFileType = folder.assetcatalog; path = Assets.xcassets; sourceTree = "<group>"; };
		9A5403CD1BD9A656008EE92D /* Base */ = {isa = PBXFileReference; lastKnownFileType = file.xib; name = Base; path = Base.lproj/MainMenu.xib; sourceTree = "<group>"; };
		9A5403CF1BD9A656008EE92D /* Info.plist */ = {isa = PBXFileReference; lastKnownFileType = text.plist.xml; path = Info.plist; sourceTree = "<group>"; };
		9A5403D41BD9A656008EE92D /* stenoTests.xctest */ = {isa = PBXFileReference; explicitFileType = wrapper.cfbundle; includeInIndex = 0; path = stenoTests.xctest; sourceTree = BUILT_PRODUCTS_DIR; };
		9A5403D81BD9A656008EE92D /* stenoTests.swift */ = {isa = PBXFileReference; lastKnownFileType = sourcecode.swift; path = stenoTests.swift; sourceTree = "<group>"; };
		9A5403DA1BD9A656008EE92D /* Info.plist */ = {isa = PBXFileReference; lastKnownFileType = text.plist.xml; path = Info.plist; sourceTree = "<group>"; };
		9A5403DF1BD9A656008EE92D /* stenoUITests.xctest */ = {isa = PBXFileReference; explicitFileType = wrapper.cfbundle; includeInIndex = 0; path = stenoUITests.xctest; sourceTree = BUILT_PRODUCTS_DIR; };
		9A5403E31BD9A656008EE92D /* stenoUITests.swift */ = {isa = PBXFileReference; lastKnownFileType = sourcecode.swift; path = stenoUITests.swift; sourceTree = "<group>"; };
		9A5403E51BD9A656008EE92D /* Info.plist */ = {isa = PBXFileReference; lastKnownFileType = text.plist.xml; path = Info.plist; sourceTree = "<group>"; };
		9AF482271BD9B1AF00C92D5E /* steno.default.json */ = {isa = PBXFileReference; fileEncoding = 4; lastKnownFileType = text.json; path = steno.default.json; sourceTree = "<group>"; };
		9AF482291BD9B24D00C92D5E /* SwiftyJSON.swift */ = {isa = PBXFileReference; fileEncoding = 4; lastKnownFileType = sourcecode.swift; path = SwiftyJSON.swift; sourceTree = "<group>"; };
		9AF4822B1BDAB8B200C92D5E /* App.swift */ = {isa = PBXFileReference; fileEncoding = 4; lastKnownFileType = sourcecode.swift; path = App.swift; sourceTree = "<group>"; };
/* End PBXFileReference section */

/* Begin PBXFrameworksBuildPhase section */
		9A5403C21BD9A656008EE92D /* Frameworks */ = {
			isa = PBXFrameworksBuildPhase;
			buildActionMask = 2147483647;
			files = (
			);
			runOnlyForDeploymentPostprocessing = 0;
		};
		9A5403D11BD9A656008EE92D /* Frameworks */ = {
			isa = PBXFrameworksBuildPhase;
			buildActionMask = 2147483647;
			files = (
			);
			runOnlyForDeploymentPostprocessing = 0;
		};
		9A5403DC1BD9A656008EE92D /* Frameworks */ = {
			isa = PBXFrameworksBuildPhase;
			buildActionMask = 2147483647;
			files = (
			);
			runOnlyForDeploymentPostprocessing = 0;
		};
/* End PBXFrameworksBuildPhase section */

/* Begin PBXGroup section */
		9A5403BC1BD9A656008EE92D = {
			isa = PBXGroup;
			children = (
				9A5403C61BD9A656008EE92D /* Products */,
				9A5403C71BD9A656008EE92D /* steno */,
				9A5403D71BD9A656008EE92D /* stenoTests */,
				9A5403E21BD9A656008EE92D /* stenoUITests */,
			);
			sourceTree = "<group>";
		};
		9A5403C61BD9A656008EE92D /* Products */ = {
			isa = PBXGroup;
			children = (
				9A5403C51BD9A656008EE92D /* steno.app */,
				9A5403D41BD9A656008EE92D /* stenoTests.xctest */,
				9A5403DF1BD9A656008EE92D /* stenoUITests.xctest */,
			);
			name = Products;
			sourceTree = "<group>";
		};
		9A5403C71BD9A656008EE92D /* steno */ = {
			isa = PBXGroup;
			children = (
				9AF4822D1BDABB4B00C92D5E /* Library */,
				9AF4822B1BDAB8B200C92D5E /* App.swift */,
				9A5403C81BD9A656008EE92D /* AppDelegate.swift */,
				9A5403CA1BD9A656008EE92D /* Assets.xcassets */,
				9A5403CF1BD9A656008EE92D /* Info.plist */,
				9A5403CC1BD9A656008EE92D /* MainMenu.xib */,
				9AF482271BD9B1AF00C92D5E /* steno.default.json */,
			);
			path = steno;
			sourceTree = "<group>";
		};
		9A5403D71BD9A656008EE92D /* stenoTests */ = {
			isa = PBXGroup;
			children = (
				9A5403DA1BD9A656008EE92D /* Info.plist */,
				9A5403D81BD9A656008EE92D /* stenoTests.swift */,
			);
			path = stenoTests;
			sourceTree = "<group>";
		};
		9A5403E21BD9A656008EE92D /* stenoUITests */ = {
			isa = PBXGroup;
			children = (
				9A5403E51BD9A656008EE92D /* Info.plist */,
				9A5403E31BD9A656008EE92D /* stenoUITests.swift */,
			);
			path = stenoUITests;
			sourceTree = "<group>";
		};
		9AF4822D1BDABB4B00C92D5E /* Library */ = {
			isa = PBXGroup;
			children = (
				9AF482291BD9B24D00C92D5E /* SwiftyJSON.swift */,
			);
			path = Library;
			sourceTree = "<group>";
		};
/* End PBXGroup section */

/* Begin PBXNativeTarget section */
		9A5403C41BD9A656008EE92D /* steno */ = {
			isa = PBXNativeTarget;
			buildConfigurationList = 9A5403E81BD9A656008EE92D /* Build configuration list for PBXNativeTarget "steno" */;
			buildPhases = (
				9A5403C11BD9A656008EE92D /* Sources */,
				9A5403C21BD9A656008EE92D /* Frameworks */,
				9A5403C31BD9A656008EE92D /* Resources */,
			);
			buildRules = (
			);
			dependencies = (
			);
			name = steno;
			productName = steno;
			productReference = 9A5403C51BD9A656008EE92D /* steno.app */;
			productType = "com.apple.product-type.application";
		};
		9A5403D31BD9A656008EE92D /* stenoTests */ = {
			isa = PBXNativeTarget;
			buildConfigurationList = 9A5403EB1BD9A656008EE92D /* Build configuration list for PBXNativeTarget "stenoTests" */;
			buildPhases = (
				9A5403D01BD9A656008EE92D /* Sources */,
				9A5403D11BD9A656008EE92D /* Frameworks */,
				9A5403D21BD9A656008EE92D /* Resources */,
			);
			buildRules = (
			);
			dependencies = (
				9A5403D61BD9A656008EE92D /* PBXTargetDependency */,
			);
			name = stenoTests;
			productName = stenoTests;
			productReference = 9A5403D41BD9A656008EE92D /* stenoTests.xctest */;
			productType = "com.apple.product-type.bundle.unit-test";
		};
		9A5403DE1BD9A656008EE92D /* stenoUITests */ = {
			isa = PBXNativeTarget;
			buildConfigurationList = 9A5403EE1BD9A656008EE92D /* Build configuration list for PBXNativeTarget "stenoUITests" */;
			buildPhases = (
				9A5403DB1BD9A656008EE92D /* Sources */,
				9A5403DC1BD9A656008EE92D /* Frameworks */,
				9A5403DD1BD9A656008EE92D /* Resources */,
			);
			buildRules = (
			);
			dependencies = (
				9A5403E11BD9A656008EE92D /* PBXTargetDependency */,
			);
			name = stenoUITests;
			productName = stenoUITests;
			productReference = 9A5403DF1BD9A656008EE92D /* stenoUITests.xctest */;
			productType = "com.apple.product-type.bundle.ui-testing";
		};
/* End PBXNativeTarget section */

/* Begin PBXProject section */
		9A5403BD1BD9A656008EE92D /* Project object */ = {
			isa = PBXProject;
			attributes = {
				LastUpgradeCheck = 0700;
				ORGANIZATIONNAME = "Csapo, Gabriel";
				TargetAttributes = {
					9A5403C41BD9A656008EE92D = {
						CreatedOnToolsVersion = 7.0.1;
					};
					9A5403D31BD9A656008EE92D = {
						CreatedOnToolsVersion = 7.0.1;
						TestTargetID = 9A5403C41BD9A656008EE92D;
					};
					9A5403DE1BD9A656008EE92D = {
						CreatedOnToolsVersion = 7.0.1;
						TestTargetID = 9A5403C41BD9A656008EE92D;
					};
				};
			};
			buildConfigurationList = 9A5403C01BD9A656008EE92D /* Build configuration list for PBXProject "steno" */;
			compatibilityVersion = "Xcode 3.2";
			developmentRegion = English;
			hasScannedForEncodings = 0;
			knownRegions = (
				en,
				Base,
			);
			mainGroup = 9A5403BC1BD9A656008EE92D;
			productRefGroup = 9A5403C61BD9A656008EE92D /* Products */;
			projectDirPath = "";
			projectRoot = "";
			targets = (
				9A5403C41BD9A656008EE92D /* steno */,
				9A5403D31BD9A656008EE92D /* stenoTests */,
				9A5403DE1BD9A656008EE92D /* stenoUITests */,
			);
		};
/* End PBXProject section */

/* Begin PBXResourcesBuildPhase section */
		9A5403C31BD9A656008EE92D /* Resources */ = {
			isa = PBXResourcesBuildPhase;
			buildActionMask = 2147483647;
			files = (
				9A5403CB1BD9A656008EE92D /* Assets.xcassets in Resources */,
				9A5403CE1BD9A656008EE92D /* MainMenu.xib in Resources */,
				9AF482281BD9B1AF00C92D5E /* steno.default.json in Resources */,
			);
			runOnlyForDeploymentPostprocessing = 0;
		};
		9A5403D21BD9A656008EE92D /* Resources */ = {
			isa = PBXResourcesBuildPhase;
			buildActionMask = 2147483647;
			files = (
			);
			runOnlyForDeploymentPostprocessing = 0;
		};
		9A5403DD1BD9A656008EE92D /* Resources */ = {
			isa = PBXResourcesBuildPhase;
			buildActionMask = 2147483647;
			files = (
			);
			runOnlyForDeploymentPostprocessing = 0;
		};
/* End PBXResourcesBuildPhase section */

/* Begin PBXSourcesBuildPhase section */
		9A5403C11BD9A656008EE92D /* Sources */ = {
			isa = PBXSourcesBuildPhase;
			buildActionMask = 2147483647;
			files = (
				9AF4822C1BDAB8B200C92D5E /* App.swift in Sources */,
				9A5403C91BD9A656008EE92D /* AppDelegate.swift in Sources */,
				9AF4822A1BD9B24D00C92D5E /* SwiftyJSON.swift in Sources */,
			);
			runOnlyForDeploymentPostprocessing = 0;
		};
		9A5403D01BD9A656008EE92D /* Sources */ = {
			isa = PBXSourcesBuildPhase;
			buildActionMask = 2147483647;
			files = (
				9A5403D91BD9A656008EE92D /* stenoTests.swift in Sources */,
			);
			runOnlyForDeploymentPostprocessing = 0;
		};
		9A5403DB1BD9A656008EE92D /* Sources */ = {
			isa = PBXSourcesBuildPhase;
			buildActionMask = 2147483647;
			files = (
				9A5403E41BD9A656008EE92D /* stenoUITests.swift in Sources */,
			);
			runOnlyForDeploymentPostprocessing = 0;
		};
/* End PBXSourcesBuildPhase section */

/* Begin PBXTargetDependency section */
		9A5403D61BD9A656008EE92D /* PBXTargetDependency */ = {
			isa = PBXTargetDependency;
			target = 9A5403C41BD9A656008EE92D /* steno */;
			targetProxy = 9A5403D51BD9A656008EE92D /* PBXContainerItemProxy */;
		};
		9A5403E11BD9A656008EE92D /* PBXTargetDependency */ = {
			isa = PBXTargetDependency;
			target = 9A5403C41BD9A656008EE92D /* steno */;
			targetProxy = 9A5403E01BD9A656008EE92D /* PBXContainerItemProxy */;
		};
/* End PBXTargetDependency section */

/* Begin PBXVariantGroup section */
		9A5403CC1BD9A656008EE92D /* MainMenu.xib */ = {
			isa = PBXVariantGroup;
			children = (
				9A5403CD1BD9A656008EE92D /* Base */,
			);
			name = MainMenu.xib;
			path = .;
			sourceTree = "<group>";
		};
/* End PBXVariantGroup section */

/* Begin XCBuildConfiguration section */
		9A5403E61BD9A656008EE92D /* Debug */ = {
			isa = XCBuildConfiguration;
			buildSettings = {
				ALWAYS_SEARCH_USER_PATHS = NO;
				CLANG_CXX_LANGUAGE_STANDARD = "gnu++0x";
				CLANG_CXX_LIBRARY = "libc++";
				CLANG_ENABLE_MODULES = YES;
				CLANG_ENABLE_OBJC_ARC = YES;
				CLANG_WARN_BOOL_CONVERSION = YES;
				CLANG_WARN_CONSTANT_CONVERSION = YES;
				CLANG_WARN_DIRECT_OBJC_ISA_USAGE = YES_ERROR;
				CLANG_WARN_EMPTY_BODY = YES;
				CLANG_WARN_ENUM_CONVERSION = YES;
				CLANG_WARN_INT_CONVERSION = YES;
				CLANG_WARN_OBJC_ROOT_CLASS = YES_ERROR;
				CLANG_WARN_UNREACHABLE_CODE = YES;
				CLANG_WARN__DUPLICATE_METHOD_MATCH = YES;
				CODE_SIGN_IDENTITY = "-";
				COPY_PHASE_STRIP = NO;
				DEBUG_INFORMATION_FORMAT = dwarf;
				ENABLE_STRICT_OBJC_MSGSEND = YES;
				ENABLE_TESTABILITY = YES;
				GCC_C_LANGUAGE_STANDARD = gnu99;
				GCC_DYNAMIC_NO_PIC = NO;
				GCC_NO_COMMON_BLOCKS = YES;
				GCC_OPTIMIZATION_LEVEL = 0;
				GCC_PREPROCESSOR_DEFINITIONS = (
					"DEBUG=1",
					"$(inherited)",
				);
				GCC_WARN_64_TO_32_BIT_CONVERSION = YES;
				GCC_WARN_ABOUT_RETURN_TYPE = YES_ERROR;
				GCC_WARN_UNDECLARED_SELECTOR = YES;
				GCC_WARN_UNINITIALIZED_AUTOS = YES_AGGRESSIVE;
				GCC_WARN_UNUSED_FUNCTION = YES;
				GCC_WARN_UNUSED_VARIABLE = YES;
				MACOSX_DEPLOYMENT_TARGET = 10.10;
				MTL_ENABLE_DEBUG_INFO = YES;
				ONLY_ACTIVE_ARCH = YES;
				SDKROOT = macosx;
				SWIFT_OPTIMIZATION_LEVEL = "-Onone";
			};
			name = Debug;
		};
		9A5403E71BD9A656008EE92D /* Release */ = {
			isa = XCBuildConfiguration;
			buildSettings = {
				ALWAYS_SEARCH_USER_PATHS = NO;
				CLANG_CXX_LANGUAGE_STANDARD = "gnu++0x";
				CLANG_CXX_LIBRARY = "libc++";
				CLANG_ENABLE_MODULES = YES;
				CLANG_ENABLE_OBJC_ARC = YES;
				CLANG_WARN_BOOL_CONVERSION = YES;
				CLANG_WARN_CONSTANT_CONVERSION = YES;
				CLANG_WARN_DIRECT_OBJC_ISA_USAGE = YES_ERROR;
				CLANG_WARN_EMPTY_BODY = YES;
				CLANG_WARN_ENUM_CONVERSION = YES;
				CLANG_WARN_INT_CONVERSION = YES;
				CLANG_WARN_OBJC_ROOT_CLASS = YES_ERROR;
				CLANG_WARN_UNREACHABLE_CODE = YES;
				CLANG_WARN__DUPLICATE_METHOD_MATCH = YES;
				CODE_SIGN_IDENTITY = "-";
				COPY_PHASE_STRIP = NO;
				DEBUG_INFORMATION_FORMAT = "dwarf-with-dsym";
				ENABLE_NS_ASSERTIONS = NO;
				ENABLE_STRICT_OBJC_MSGSEND = YES;
				GCC_C_LANGUAGE_STANDARD = gnu99;
				GCC_NO_COMMON_BLOCKS = YES;
				GCC_WARN_64_TO_32_BIT_CONVERSION = YES;
				GCC_WARN_ABOUT_RETURN_TYPE = YES_ERROR;
				GCC_WARN_UNDECLARED_SELECTOR = YES;
				GCC_WARN_UNINITIALIZED_AUTOS = YES_AGGRESSIVE;
				GCC_WARN_UNUSED_FUNCTION = YES;
				GCC_WARN_UNUSED_VARIABLE = YES;
				MACOSX_DEPLOYMENT_TARGET = 10.10;
				MTL_ENABLE_DEBUG_INFO = NO;
				SDKROOT = macosx;
			};
			name = Release;
		};
		9A5403E91BD9A656008EE92D /* Debug */ = {
			isa = XCBuildConfiguration;
			buildSettings = {
				ASSETCATALOG_COMPILER_APPICON_NAME = AppIcon;
				COMBINE_HIDPI_IMAGES = YES;
				INFOPLIST_FILE = steno/Info.plist;
				LD_RUNPATH_SEARCH_PATHS = "$(inherited) @executable_path/../Frameworks";
				PRODUCT_BUNDLE_IDENTIFIER = csapo.steno;
				PRODUCT_NAME = "$(TARGET_NAME)";
			};
			name = Debug;
		};
		9A5403EA1BD9A656008EE92D /* Release */ = {
			isa = XCBuildConfiguration;
			buildSettings = {
				ASSETCATALOG_COMPILER_APPICON_NAME = AppIcon;
				COMBINE_HIDPI_IMAGES = YES;
				INFOPLIST_FILE = steno/Info.plist;
				LD_RUNPATH_SEARCH_PATHS = "$(inherited) @executable_path/../Frameworks";
				PRODUCT_BUNDLE_IDENTIFIER = csapo.steno;
				PRODUCT_NAME = "$(TARGET_NAME)";
			};
			name = Release;
		};
		9A5403EC1BD9A656008EE92D /* Debug */ = {
			isa = XCBuildConfiguration;
			buildSettings = {
				BUNDLE_LOADER = "$(TEST_HOST)";
				COMBINE_HIDPI_IMAGES = YES;
				INFOPLIST_FILE = stenoTests/Info.plist;
				LD_RUNPATH_SEARCH_PATHS = "$(inherited) @executable_path/../Frameworks @loader_path/../Frameworks";
				PRODUCT_BUNDLE_IDENTIFIER = csapo.stenoTests;
				PRODUCT_NAME = "$(TARGET_NAME)";
				TEST_HOST = "$(BUILT_PRODUCTS_DIR)/steno.app/Contents/MacOS/steno";
			};
			name = Debug;
		};
		9A5403ED1BD9A656008EE92D /* Release */ = {
			isa = XCBuildConfiguration;
			buildSettings = {
				BUNDLE_LOADER = "$(TEST_HOST)";
				COMBINE_HIDPI_IMAGES = YES;
				INFOPLIST_FILE = stenoTests/Info.plist;
				LD_RUNPATH_SEARCH_PATHS = "$(inherited) @executable_path/../Frameworks @loader_path/../Frameworks";
				PRODUCT_BUNDLE_IDENTIFIER = csapo.stenoTests;
				PRODUCT_NAME = "$(TARGET_NAME)";
				TEST_HOST = "$(BUILT_PRODUCTS_DIR)/steno.app/Contents/MacOS/steno";
			};
			name = Release;
		};
		9A5403EF1BD9A656008EE92D /* Debug */ = {
			isa = XCBuildConfiguration;
			buildSettings = {
				COMBINE_HIDPI_IMAGES = YES;
				INFOPLIST_FILE = stenoUITests/Info.plist;
				LD_RUNPATH_SEARCH_PATHS = "$(inherited) @executable_path/../Frameworks @loader_path/../Frameworks";
				PRODUCT_BUNDLE_IDENTIFIER = csapo.stenoUITests;
				PRODUCT_NAME = "$(TARGET_NAME)";
				TEST_TARGET_NAME = steno;
				USES_XCTRUNNER = YES;
			};
			name = Debug;
		};
		9A5403F01BD9A656008EE92D /* Release */ = {
			isa = XCBuildConfiguration;
			buildSettings = {
				COMBINE_HIDPI_IMAGES = YES;
				INFOPLIST_FILE = stenoUITests/Info.plist;
				LD_RUNPATH_SEARCH_PATHS = "$(inherited) @executable_path/../Frameworks @loader_path/../Frameworks";
				PRODUCT_BUNDLE_IDENTIFIER = csapo.stenoUITests;
				PRODUCT_NAME = "$(TARGET_NAME)";
				TEST_TARGET_NAME = steno;
				USES_XCTRUNNER = YES;
			};
			name = Release;
		};
/* End XCBuildConfiguration section */

/* Begin XCConfigurationList section */
		9A5403C01BD9A656008EE92D /* Build configuration list for PBXProject "steno" */ = {
			isa = XCConfigurationList;
			buildConfigurations = (
				9A5403E61BD9A656008EE92D /* Debug */,
				9A5403E71BD9A656008EE92D /* Release */,
			);
			defaultConfigurationIsVisible = 0;
			defaultConfigurationName = Release;
		};
		9A5403E81BD9A656008EE92D /* Build configuration list for PBXNativeTarget "steno" */ = {
			isa = XCConfigurationList;
			buildConfigurations = (
				9A5403E91BD9A656008EE92D /* Debug */,
				9A5403EA1BD9A656008EE92D /* Release */,
			);
			defaultConfigurationIsVisible = 0;
			defaultConfigurationName = Release;
		};
		9A5403EB1BD9A656008EE92D /* Build configuration list for PBXNativeTarget "stenoTests" */ = {
			isa = XCConfigurationList;
			buildConfigurations = (
				9A5403EC1BD9A656008EE92D /* Debug */,
				9A5403ED1BD9A656008EE92D /* Release */,
			);
			defaultConfigurationIsVisible = 0;
			defaultConfigurationName = Release;
		};
		9A5403EE1BD9A656008EE92D /* Build configuration list for PBXNativeTarget "stenoUITests" */ = {
			isa = XCConfigurationList;
			buildConfigurations = (
				9A5403EF1BD9A656008EE92D /* Debug */,
				9A5403F01BD9A656008EE92D /* Release */,
			);
			defaultConfigurationIsVisible = 0;
			defaultConfigurationName = Release;
		};
/* End XCConfigurationList section */
	};
	rootObject = 9A5403BD1BD9A656008EE92D /* Project object */;
}
